// !$*UTF8*$!
{
	archiveVersion = 1;
	classes = {
	};
	objectVersion = 46;
	objects = {

/* Begin PBXBuildFile section */
		2918D120754472130A01790A /* libPods-SRemaforyServer.a in Frameworks */ = {isa = PBXBuildFile; fileRef = DD608B62926DCAB566EDD62D /* libPods-SRemaforyServer.a */; };
		655CB3761A81B03F00FFF253 /* AppDelegate.m in Sources */ = {isa = PBXBuildFile; fileRef = 655CB3751A81B03F00FFF253 /* AppDelegate.m */; };
		655CB3781A81B03F00FFF253 /* main.m in Sources */ = {isa = PBXBuildFile; fileRef = 655CB3771A81B03F00FFF253 /* main.m */; };
		655CB37A1A81B03F00FFF253 /* Images.xcassets in Resources */ = {isa = PBXBuildFile; fileRef = 655CB3791A81B03F00FFF253 /* Images.xcassets */; };
		655CB37D1A81B03F00FFF253 /* MainMenu.xib in Resources */ = {isa = PBXBuildFile; fileRef = 655CB37B1A81B03F00FFF253 /* MainMenu.xib */; };
		655CB3901A81B0D800FFF253 /* TaskNewHB.m in Sources */ = {isa = PBXBuildFile; fileRef = 655CB3651A81A04F00FFF253 /* TaskNewHB.m */; };
		655CB3911A81B0DE00FFF253 /* TaskMessage.m in Sources */ = {isa = PBXBuildFile; fileRef = 655CB3611A818D4A00FFF253 /* TaskMessage.m */; };
		655CB3921A81B0DE00FFF253 /* TaskGetHB.m in Sources */ = {isa = PBXBuildFile; fileRef = 655CB3691A81AAA000FFF253 /* TaskGetHB.m */; };
		655CB3931A81B0E300FFF253 /* Member.m in Sources */ = {isa = PBXBuildFile; fileRef = D3C56AEA1A81491B001A6C7D /* Member.m */; };
		655CB3941A81B0E300FFF253 /* Receiver.m in Sources */ = {isa = PBXBuildFile; fileRef = 655CB3511A817C3C00FFF253 /* Receiver.m */; };
		655CB3951A81B0E300FFF253 /* SR.m in Sources */ = {isa = PBXBuildFile; fileRef = 655CB3541A81832C00FFF253 /* SR.m */; };
		655CB3961A81B0E300FFF253 /* Task.m in Sources */ = {isa = PBXBuildFile; fileRef = 655CB3591A818D2E00FFF253 /* Task.m */; };
		655CB3971A81B0E300FFF253 /* TaskManager.m in Sources */ = {isa = PBXBuildFile; fileRef = 655CB35D1A818D3D00FFF253 /* TaskManager.m */; };
		655CB3981A81B0E900FFF253 /* Message.pb.m in Sources */ = {isa = PBXBuildFile; fileRef = D3C56ADC1A81140C001A6C7D /* Message.pb.m */; };
		655CB3991A81B0E900FFF253 /* MessageBuilder+Addition.m in Sources */ = {isa = PBXBuildFile; fileRef = D3C56AE11A81172E001A6C7D /* MessageBuilder+Addition.m */; };
		655CB39A1A81B0E900FFF253 /* ZMQSocket+Message.m in Sources */ = {isa = PBXBuildFile; fileRef = D3C56AE51A811F32001A6C7D /* ZMQSocket+Message.m */; };
		77BEADE957FA988622E27F3C /* libPods-SRemaforyClient.a in Frameworks */ = {isa = PBXBuildFile; fileRef = 0FF3F8166FEBE4EA9D9F27A4 /* libPods-SRemaforyClient.a */; };
		D3B07E731A825E1D0050A49B /* AppDelegate.m in Sources */ = {isa = PBXBuildFile; fileRef = D3B07E721A825E1D0050A49B /* AppDelegate.m */; };
		D3B07E751A825E1D0050A49B /* main.m in Sources */ = {isa = PBXBuildFile; fileRef = D3B07E741A825E1D0050A49B /* main.m */; };
		D3B07E781A825E1D0050A49B /* ViewController.m in Sources */ = {isa = PBXBuildFile; fileRef = D3B07E771A825E1D0050A49B /* ViewController.m */; };
		D3B07E7A1A825E1D0050A49B /* Images.xcassets in Resources */ = {isa = PBXBuildFile; fileRef = D3B07E791A825E1D0050A49B /* Images.xcassets */; };
		D3B07E7D1A825E1D0050A49B /* Main.storyboard in Resources */ = {isa = PBXBuildFile; fileRef = D3B07E7B1A825E1D0050A49B /* Main.storyboard */; };
		D3B07E901A825EF30050A49B /* Member.m in Sources */ = {isa = PBXBuildFile; fileRef = D3C56AEA1A81491B001A6C7D /* Member.m */; };
		D3B07E911A825EF30050A49B /* Receiver.m in Sources */ = {isa = PBXBuildFile; fileRef = 655CB3511A817C3C00FFF253 /* Receiver.m */; };
		D3B07E921A825EF30050A49B /* SR.m in Sources */ = {isa = PBXBuildFile; fileRef = 655CB3541A81832C00FFF253 /* SR.m */; };
		D3B07E931A825EF30050A49B /* Task.m in Sources */ = {isa = PBXBuildFile; fileRef = 655CB3591A818D2E00FFF253 /* Task.m */; };
		D3B07E941A825EF30050A49B /* TaskManager.m in Sources */ = {isa = PBXBuildFile; fileRef = 655CB35D1A818D3D00FFF253 /* TaskManager.m */; };
		D3B07E951A825EF30050A49B /* TaskMessage.m in Sources */ = {isa = PBXBuildFile; fileRef = 655CB3611A818D4A00FFF253 /* TaskMessage.m */; };
		D3B07E961A825EF30050A49B /* TaskNewHB.m in Sources */ = {isa = PBXBuildFile; fileRef = 655CB3651A81A04F00FFF253 /* TaskNewHB.m */; };
		D3B07E971A825EF30050A49B /* TaskGetHB.m in Sources */ = {isa = PBXBuildFile; fileRef = 655CB3691A81AAA000FFF253 /* TaskGetHB.m */; };
		D3B07E981A825EFA0050A49B /* Message.pb.m in Sources */ = {isa = PBXBuildFile; fileRef = D3C56ADC1A81140C001A6C7D /* Message.pb.m */; };
		D3B07E991A825EFA0050A49B /* MessageBuilder+Addition.m in Sources */ = {isa = PBXBuildFile; fileRef = D3C56AE11A81172E001A6C7D /* MessageBuilder+Addition.m */; };
		D3B07E9A1A825EFA0050A49B /* ZMQSocket+Message.m in Sources */ = {isa = PBXBuildFile; fileRef = D3C56AE51A811F32001A6C7D /* ZMQSocket+Message.m */; };
/* End PBXBuildFile section */

/* Begin PBXFileReference section */
		0FF3F8166FEBE4EA9D9F27A4 /* libPods-SRemaforyClient.a */ = {isa = PBXFileReference; explicitFileType = archive.ar; includeInIndex = 0; path = "libPods-SRemaforyClient.a"; sourceTree = BUILT_PRODUCTS_DIR; };
		34ECB28D7636C7ADCF96BEAD /* Pods-SRemaforyClient.release.xcconfig */ = {isa = PBXFileReference; includeInIndex = 1; lastKnownFileType = text.xcconfig; name = "Pods-SRemaforyClient.release.xcconfig"; path = "Pods/Target Support Files/Pods-SRemaforyClient/Pods-SRemaforyClient.release.xcconfig"; sourceTree = "<group>"; };
		655CB3501A817C3C00FFF253 /* Receiver.h */ = {isa = PBXFileReference; fileEncoding = 4; lastKnownFileType = sourcecode.c.h; path = Receiver.h; sourceTree = "<group>"; };
		655CB3511A817C3C00FFF253 /* Receiver.m */ = {isa = PBXFileReference; fileEncoding = 4; lastKnownFileType = sourcecode.c.objc; path = Receiver.m; sourceTree = "<group>"; };
		655CB3531A81832C00FFF253 /* SR.h */ = {isa = PBXFileReference; fileEncoding = 4; lastKnownFileType = sourcecode.c.h; path = SR.h; sourceTree = "<group>"; };
		655CB3541A81832C00FFF253 /* SR.m */ = {isa = PBXFileReference; fileEncoding = 4; lastKnownFileType = sourcecode.c.objc; path = SR.m; sourceTree = "<group>"; };
		655CB3581A818D2E00FFF253 /* Task.h */ = {isa = PBXFileReference; fileEncoding = 4; lastKnownFileType = sourcecode.c.h; path = Task.h; sourceTree = "<group>"; };
		655CB3591A818D2E00FFF253 /* Task.m */ = {isa = PBXFileReference; fileEncoding = 4; lastKnownFileType = sourcecode.c.objc; path = Task.m; sourceTree = "<group>"; };
		655CB35C1A818D3D00FFF253 /* TaskManager.h */ = {isa = PBXFileReference; fileEncoding = 4; lastKnownFileType = sourcecode.c.h; path = TaskManager.h; sourceTree = "<group>"; };
		655CB35D1A818D3D00FFF253 /* TaskManager.m */ = {isa = PBXFileReference; fileEncoding = 4; lastKnownFileType = sourcecode.c.objc; path = TaskManager.m; sourceTree = "<group>"; };
		655CB3601A818D4A00FFF253 /* TaskMessage.h */ = {isa = PBXFileReference; fileEncoding = 4; lastKnownFileType = sourcecode.c.h; path = TaskMessage.h; sourceTree = "<group>"; };
		655CB3611A818D4A00FFF253 /* TaskMessage.m */ = {isa = PBXFileReference; fileEncoding = 4; lastKnownFileType = sourcecode.c.objc; path = TaskMessage.m; sourceTree = "<group>"; };
		655CB3641A81A04F00FFF253 /* TaskNewHB.h */ = {isa = PBXFileReference; fileEncoding = 4; lastKnownFileType = sourcecode.c.h; path = TaskNewHB.h; sourceTree = "<group>"; };
		655CB3651A81A04F00FFF253 /* TaskNewHB.m */ = {isa = PBXFileReference; fileEncoding = 4; lastKnownFileType = sourcecode.c.objc; path = TaskNewHB.m; sourceTree = "<group>"; };
		655CB3681A81AAA000FFF253 /* TaskGetHB.h */ = {isa = PBXFileReference; fileEncoding = 4; lastKnownFileType = sourcecode.c.h; path = TaskGetHB.h; sourceTree = "<group>"; };
		655CB3691A81AAA000FFF253 /* TaskGetHB.m */ = {isa = PBXFileReference; fileEncoding = 4; lastKnownFileType = sourcecode.c.objc; path = TaskGetHB.m; sourceTree = "<group>"; };
		655CB3701A81B03F00FFF253 /* SRemaforyServer.app */ = {isa = PBXFileReference; explicitFileType = wrapper.application; includeInIndex = 0; path = SRemaforyServer.app; sourceTree = BUILT_PRODUCTS_DIR; };
		655CB3731A81B03F00FFF253 /* Info.plist */ = {isa = PBXFileReference; lastKnownFileType = text.plist.xml; path = Info.plist; sourceTree = "<group>"; };
		655CB3741A81B03F00FFF253 /* AppDelegate.h */ = {isa = PBXFileReference; lastKnownFileType = sourcecode.c.h; path = AppDelegate.h; sourceTree = "<group>"; };
		655CB3751A81B03F00FFF253 /* AppDelegate.m */ = {isa = PBXFileReference; lastKnownFileType = sourcecode.c.objc; path = AppDelegate.m; sourceTree = "<group>"; };
		655CB3771A81B03F00FFF253 /* main.m */ = {isa = PBXFileReference; lastKnownFileType = sourcecode.c.objc; path = main.m; sourceTree = "<group>"; };
		655CB3791A81B03F00FFF253 /* Images.xcassets */ = {isa = PBXFileReference; lastKnownFileType = folder.assetcatalog; path = Images.xcassets; sourceTree = "<group>"; };
		655CB37C1A81B03F00FFF253 /* Base */ = {isa = PBXFileReference; lastKnownFileType = file.xib; name = Base; path = Base.lproj/MainMenu.xib; sourceTree = "<group>"; };
		80D2791664FDCD614674B959 /* Pods-SRemaforyServer.debug.xcconfig */ = {isa = PBXFileReference; includeInIndex = 1; lastKnownFileType = text.xcconfig; name = "Pods-SRemaforyServer.debug.xcconfig"; path = "Pods/Target Support Files/Pods-SRemaforyServer/Pods-SRemaforyServer.debug.xcconfig"; sourceTree = "<group>"; };
		82F6DF7A8F9E98D70A25CDB4 /* Pods-SRemaforyServer.release.xcconfig */ = {isa = PBXFileReference; includeInIndex = 1; lastKnownFileType = text.xcconfig; name = "Pods-SRemaforyServer.release.xcconfig"; path = "Pods/Target Support Files/Pods-SRemaforyServer/Pods-SRemaforyServer.release.xcconfig"; sourceTree = "<group>"; };
		8992BF8F08BEB74505BE9A2B /* libPods-SRemafory.a */ = {isa = PBXFileReference; explicitFileType = archive.ar; includeInIndex = 0; path = "libPods-SRemafory.a"; sourceTree = BUILT_PRODUCTS_DIR; };
		BEAD88996FCCFD5436D2D737 /* Pods-SRemafory.release.xcconfig */ = {isa = PBXFileReference; includeInIndex = 1; lastKnownFileType = text.xcconfig; name = "Pods-SRemafory.release.xcconfig"; path = "Pods/Target Support Files/Pods-SRemafory/Pods-SRemafory.release.xcconfig"; sourceTree = "<group>"; };
		CE7EA3C32AEF38FCB5C4B9D7 /* Pods.debug.xcconfig */ = {isa = PBXFileReference; includeInIndex = 1; lastKnownFileType = text.xcconfig; name = Pods.debug.xcconfig; path = "Pods/Target Support Files/Pods/Pods.debug.xcconfig"; sourceTree = "<group>"; };
		D3B07E681A8258670050A49B /* GCDTimer.h */ = {isa = PBXFileReference; lastKnownFileType = sourcecode.c.h; path = GCDTimer.h; sourceTree = "<group>"; };
		D3B07E6D1A825E1D0050A49B /* SRemaforyClient.app */ = {isa = PBXFileReference; explicitFileType = wrapper.application; includeInIndex = 0; path = SRemaforyClient.app; sourceTree = BUILT_PRODUCTS_DIR; };
		D3B07E701A825E1D0050A49B /* Info.plist */ = {isa = PBXFileReference; lastKnownFileType = text.plist.xml; path = Info.plist; sourceTree = "<group>"; };
		D3B07E711A825E1D0050A49B /* AppDelegate.h */ = {isa = PBXFileReference; lastKnownFileType = sourcecode.c.h; path = AppDelegate.h; sourceTree = "<group>"; };
		D3B07E721A825E1D0050A49B /* AppDelegate.m */ = {isa = PBXFileReference; lastKnownFileType = sourcecode.c.objc; path = AppDelegate.m; sourceTree = "<group>"; };
		D3B07E741A825E1D0050A49B /* main.m */ = {isa = PBXFileReference; lastKnownFileType = sourcecode.c.objc; path = main.m; sourceTree = "<group>"; };
		D3B07E761A825E1D0050A49B /* ViewController.h */ = {isa = PBXFileReference; lastKnownFileType = sourcecode.c.h; path = ViewController.h; sourceTree = "<group>"; };
		D3B07E771A825E1D0050A49B /* ViewController.m */ = {isa = PBXFileReference; lastKnownFileType = sourcecode.c.objc; path = ViewController.m; sourceTree = "<group>"; };
		D3B07E791A825E1D0050A49B /* Images.xcassets */ = {isa = PBXFileReference; lastKnownFileType = folder.assetcatalog; path = Images.xcassets; sourceTree = "<group>"; };
		D3B07E7C1A825E1D0050A49B /* Base */ = {isa = PBXFileReference; lastKnownFileType = file.storyboard; name = Base; path = Base.lproj/Main.storyboard; sourceTree = "<group>"; };
		D3C56ADA1A81122E001A6C7D /* Message.proto */ = {isa = PBXFileReference; fileEncoding = 4; lastKnownFileType = text; path = Message.proto; sourceTree = "<group>"; };
		D3C56ADB1A81140C001A6C7D /* Message.pb.h */ = {isa = PBXFileReference; fileEncoding = 4; lastKnownFileType = sourcecode.c.h; path = Message.pb.h; sourceTree = "<group>"; };
		D3C56ADC1A81140C001A6C7D /* Message.pb.m */ = {isa = PBXFileReference; fileEncoding = 4; lastKnownFileType = sourcecode.c.objc; path = Message.pb.m; sourceTree = "<group>"; };
		D3C56AE01A81172E001A6C7D /* MessageBuilder+Addition.h */ = {isa = PBXFileReference; fileEncoding = 4; lastKnownFileType = sourcecode.c.h; path = "MessageBuilder+Addition.h"; sourceTree = "<group>"; };
		D3C56AE11A81172E001A6C7D /* MessageBuilder+Addition.m */ = {isa = PBXFileReference; fileEncoding = 4; lastKnownFileType = sourcecode.c.objc; path = "MessageBuilder+Addition.m"; sourceTree = "<group>"; };
		D3C56AE41A811F32001A6C7D /* ZMQSocket+Message.h */ = {isa = PBXFileReference; fileEncoding = 4; lastKnownFileType = sourcecode.c.h; path = "ZMQSocket+Message.h"; sourceTree = "<group>"; };
		D3C56AE51A811F32001A6C7D /* ZMQSocket+Message.m */ = {isa = PBXFileReference; fileEncoding = 4; lastKnownFileType = sourcecode.c.objc; path = "ZMQSocket+Message.m"; sourceTree = "<group>"; };
		D3C56AE91A81491B001A6C7D /* Member.h */ = {isa = PBXFileReference; fileEncoding = 4; lastKnownFileType = sourcecode.c.h; path = Member.h; sourceTree = "<group>"; };
		D3C56AEA1A81491B001A6C7D /* Member.m */ = {isa = PBXFileReference; fileEncoding = 4; lastKnownFileType = sourcecode.c.objc; path = Member.m; sourceTree = "<group>"; };
		DD608B62926DCAB566EDD62D /* libPods-SRemaforyServer.a */ = {isa = PBXFileReference; explicitFileType = archive.ar; includeInIndex = 0; path = "libPods-SRemaforyServer.a"; sourceTree = BUILT_PRODUCTS_DIR; };
		ED68C776A579854B6E214642 /* Pods.release.xcconfig */ = {isa = PBXFileReference; includeInIndex = 1; lastKnownFileType = text.xcconfig; name = Pods.release.xcconfig; path = "Pods/Target Support Files/Pods/Pods.release.xcconfig"; sourceTree = "<group>"; };
		EF1A0C818D49697FA38459BC /* libPods.a */ = {isa = PBXFileReference; explicitFileType = archive.ar; includeInIndex = 0; path = libPods.a; sourceTree = BUILT_PRODUCTS_DIR; };
		F0C8437DA38A56012BFF22E5 /* Pods-SRemaforyClient.debug.xcconfig */ = {isa = PBXFileReference; includeInIndex = 1; lastKnownFileType = text.xcconfig; name = "Pods-SRemaforyClient.debug.xcconfig"; path = "Pods/Target Support Files/Pods-SRemaforyClient/Pods-SRemaforyClient.debug.xcconfig"; sourceTree = "<group>"; };
		F2AC6350B0BBA07C50CECA1F /* Pods-SRemafory.debug.xcconfig */ = {isa = PBXFileReference; includeInIndex = 1; lastKnownFileType = text.xcconfig; name = "Pods-SRemafory.debug.xcconfig"; path = "Pods/Target Support Files/Pods-SRemafory/Pods-SRemafory.debug.xcconfig"; sourceTree = "<group>"; };
/* End PBXFileReference section */

/* Begin PBXFrameworksBuildPhase section */
		655CB36D1A81B03F00FFF253 /* Frameworks */ = {
			isa = PBXFrameworksBuildPhase;
			buildActionMask = 2147483647;
			files = (
				2918D120754472130A01790A /* libPods-SRemaforyServer.a in Frameworks */,
			);
			runOnlyForDeploymentPostprocessing = 0;
		};
		D3B07E6A1A825E1D0050A49B /* Frameworks */ = {
			isa = PBXFrameworksBuildPhase;
			buildActionMask = 2147483647;
			files = (
				77BEADE957FA988622E27F3C /* libPods-SRemaforyClient.a in Frameworks */,
			);
			runOnlyForDeploymentPostprocessing = 0;
		};
/* End PBXFrameworksBuildPhase section */

/* Begin PBXGroup section */
		655CB3711A81B03F00FFF253 /* SRemaforyServer */ = {
			isa = PBXGroup;
			children = (
				655CB3741A81B03F00FFF253 /* AppDelegate.h */,
				655CB3751A81B03F00FFF253 /* AppDelegate.m */,
				655CB3791A81B03F00FFF253 /* Images.xcassets */,
				655CB37B1A81B03F00FFF253 /* MainMenu.xib */,
				655CB3721A81B03F00FFF253 /* Supporting Files */,
			);
			path = SRemaforyServer;
			sourceTree = "<group>";
		};
		655CB3721A81B03F00FFF253 /* Supporting Files */ = {
			isa = PBXGroup;
			children = (
				655CB3731A81B03F00FFF253 /* Info.plist */,
				655CB3771A81B03F00FFF253 /* main.m */,
			);
			name = "Supporting Files";
			sourceTree = "<group>";
		};
		6BC879DF333CA9E4D9CC08BC /* Frameworks */ = {
			isa = PBXGroup;
			children = (
				8992BF8F08BEB74505BE9A2B /* libPods-SRemafory.a */,
				0FF3F8166FEBE4EA9D9F27A4 /* libPods-SRemaforyClient.a */,
				EF1A0C818D49697FA38459BC /* libPods.a */,
				DD608B62926DCAB566EDD62D /* libPods-SRemaforyServer.a */,
			);
			name = Frameworks;
			sourceTree = "<group>";
		};
		816E9A4C4AA34A97B1AA71CE /* Pods */ = {
			isa = PBXGroup;
			children = (
				F2AC6350B0BBA07C50CECA1F /* Pods-SRemafory.debug.xcconfig */,
				BEAD88996FCCFD5436D2D737 /* Pods-SRemafory.release.xcconfig */,
				F0C8437DA38A56012BFF22E5 /* Pods-SRemaforyClient.debug.xcconfig */,
				34ECB28D7636C7ADCF96BEAD /* Pods-SRemaforyClient.release.xcconfig */,
				CE7EA3C32AEF38FCB5C4B9D7 /* Pods.debug.xcconfig */,
				ED68C776A579854B6E214642 /* Pods.release.xcconfig */,
				80D2791664FDCD614674B959 /* Pods-SRemaforyServer.debug.xcconfig */,
				82F6DF7A8F9E98D70A25CDB4 /* Pods-SRemaforyServer.release.xcconfig */,
			);
			name = Pods;
			sourceTree = "<group>";
		};
		D3B07E6E1A825E1D0050A49B /* SRemaforyClient */ = {
			isa = PBXGroup;
			children = (
				D3B07E711A825E1D0050A49B /* AppDelegate.h */,
				D3B07E721A825E1D0050A49B /* AppDelegate.m */,
				D3B07E761A825E1D0050A49B /* ViewController.h */,
				D3B07E771A825E1D0050A49B /* ViewController.m */,
				D3B07E791A825E1D0050A49B /* Images.xcassets */,
				D3B07E7B1A825E1D0050A49B /* Main.storyboard */,
				D3B07E6F1A825E1D0050A49B /* Supporting Files */,
			);
			path = SRemaforyClient;
			sourceTree = "<group>";
		};
		D3B07E6F1A825E1D0050A49B /* Supporting Files */ = {
			isa = PBXGroup;
			children = (
				D3B07E701A825E1D0050A49B /* Info.plist */,
				D3B07E741A825E1D0050A49B /* main.m */,
			);
			name = "Supporting Files";
			sourceTree = "<group>";
		};
		D3BFFE091A66A4D80031C45A = {
			isa = PBXGroup;
			children = (
				D3C56AE81A81473F001A6C7D /* Core */,
				D3C56AD91A81121E001A6C7D /* Messages */,
				655CB3711A81B03F00FFF253 /* SRemaforyServer */,
				D3B07E6E1A825E1D0050A49B /* SRemaforyClient */,
				D3BFFE131A66A4D80031C45A /* Products */,
				816E9A4C4AA34A97B1AA71CE /* Pods */,
				6BC879DF333CA9E4D9CC08BC /* Frameworks */,
			);
			sourceTree = "<group>";
		};
		D3BFFE131A66A4D80031C45A /* Products */ = {
			isa = PBXGroup;
			children = (
				655CB3701A81B03F00FFF253 /* SRemaforyServer.app */,
				D3B07E6D1A825E1D0050A49B /* SRemaforyClient.app */,
			);
			name = Products;
			sourceTree = "<group>";
		};
		D3C56AD91A81121E001A6C7D /* Messages */ = {
			isa = PBXGroup;
			children = (
				D3C56ADA1A81122E001A6C7D /* Message.proto */,
				D3C56ADB1A81140C001A6C7D /* Message.pb.h */,
				D3C56ADC1A81140C001A6C7D /* Message.pb.m */,
				D3C56AE01A81172E001A6C7D /* MessageBuilder+Addition.h */,
				D3C56AE11A81172E001A6C7D /* MessageBuilder+Addition.m */,
				D3C56AE41A811F32001A6C7D /* ZMQSocket+Message.h */,
				D3C56AE51A811F32001A6C7D /* ZMQSocket+Message.m */,
			);
			path = Messages;
			sourceTree = "<group>";
		};
		D3C56AE81A81473F001A6C7D /* Core */ = {
			isa = PBXGroup;
			children = (
				D3C56AE91A81491B001A6C7D /* Member.h */,
				D3C56AEA1A81491B001A6C7D /* Member.m */,
				655CB3501A817C3C00FFF253 /* Receiver.h */,
				655CB3511A817C3C00FFF253 /* Receiver.m */,
				655CB3531A81832C00FFF253 /* SR.h */,
				655CB3541A81832C00FFF253 /* SR.m */,
				655CB3581A818D2E00FFF253 /* Task.h */,
				655CB3591A818D2E00FFF253 /* Task.m */,
				655CB35C1A818D3D00FFF253 /* TaskManager.h */,
				655CB35D1A818D3D00FFF253 /* TaskManager.m */,
				655CB3601A818D4A00FFF253 /* TaskMessage.h */,
				655CB3611A818D4A00FFF253 /* TaskMessage.m */,
				655CB3641A81A04F00FFF253 /* TaskNewHB.h */,
				655CB3651A81A04F00FFF253 /* TaskNewHB.m */,
				655CB3681A81AAA000FFF253 /* TaskGetHB.h */,
				655CB3691A81AAA000FFF253 /* TaskGetHB.m */,
				D3B07E681A8258670050A49B /* GCDTimer.h */,
			);
			path = Core;
			sourceTree = "<group>";
		};
/* End PBXGroup section */

/* Begin PBXNativeTarget section */
		655CB36F1A81B03F00FFF253 /* SRemaforyServer */ = {
			isa = PBXNativeTarget;
			buildConfigurationList = 655CB38A1A81B03F00FFF253 /* Build configuration list for PBXNativeTarget "SRemaforyServer" */;
			buildPhases = (
				B595B064B2A2E6E0912B16F4 /* Check Pods Manifest.lock */,
				655CB36C1A81B03F00FFF253 /* Sources */,
				655CB36D1A81B03F00FFF253 /* Frameworks */,
				655CB36E1A81B03F00FFF253 /* Resources */,
				8123837CF4CA689819BFC958 /* Copy Pods Resources */,
			);
			buildRules = (
			);
			dependencies = (
			);
			name = SRemaforyServer;
			productName = SRemaforyServer;
			productReference = 655CB3701A81B03F00FFF253 /* SRemaforyServer.app */;
			productType = "com.apple.product-type.application";
		};
		D3B07E6C1A825E1D0050A49B /* SRemaforyClient */ = {
			isa = PBXNativeTarget;
			buildConfigurationList = D3B07E8A1A825E1D0050A49B /* Build configuration list for PBXNativeTarget "SRemaforyClient" */;
			buildPhases = (
				3F45D332CE9D86C7E9B7590E /* Check Pods Manifest.lock */,
				D3B07E691A825E1D0050A49B /* Sources */,
				D3B07E6A1A825E1D0050A49B /* Frameworks */,
				D3B07E6B1A825E1D0050A49B /* Resources */,
				B65AB64222D63379D599CDE5 /* Copy Pods Resources */,
			);
			buildRules = (
			);
			dependencies = (
			);
			name = SRemaforyClient;
			productName = SRemaforyClient;
			productReference = D3B07E6D1A825E1D0050A49B /* SRemaforyClient.app */;
			productType = "com.apple.product-type.application";
		};
/* End PBXNativeTarget section */

/* Begin PBXProject section */
		D3BFFE0A1A66A4D80031C45A /* Project object */ = {
			isa = PBXProject;
			attributes = {
				LastUpgradeCheck = 0610;
				ORGANIZATIONNAME = siema;
				TargetAttributes = {
					655CB36F1A81B03F00FFF253 = {
						CreatedOnToolsVersion = 6.1.1;
					};
					D3B07E6C1A825E1D0050A49B = {
						CreatedOnToolsVersion = 6.1.1;
					};
				};
			};
			buildConfigurationList = D3BFFE0D1A66A4D80031C45A /* Build configuration list for PBXProject "SRemafory" */;
			compatibilityVersion = "Xcode 3.2";
			developmentRegion = English;
			hasScannedForEncodings = 0;
			knownRegions = (
				en,
				Base,
			);
			mainGroup = D3BFFE091A66A4D80031C45A;
			productRefGroup = D3BFFE131A66A4D80031C45A /* Products */;
			projectDirPath = "";
			projectRoot = "";
			targets = (
				655CB36F1A81B03F00FFF253 /* SRemaforyServer */,
				D3B07E6C1A825E1D0050A49B /* SRemaforyClient */,
			);
		};
/* End PBXProject section */

/* Begin PBXResourcesBuildPhase section */
		655CB36E1A81B03F00FFF253 /* Resources */ = {
			isa = PBXResourcesBuildPhase;
			buildActionMask = 2147483647;
			files = (
				655CB37A1A81B03F00FFF253 /* Images.xcassets in Resources */,
				655CB37D1A81B03F00FFF253 /* MainMenu.xib in Resources */,
			);
			runOnlyForDeploymentPostprocessing = 0;
		};
		D3B07E6B1A825E1D0050A49B /* Resources */ = {
			isa = PBXResourcesBuildPhase;
			buildActionMask = 2147483647;
			files = (
				D3B07E7A1A825E1D0050A49B /* Images.xcassets in Resources */,
				D3B07E7D1A825E1D0050A49B /* Main.storyboard in Resources */,
			);
			runOnlyForDeploymentPostprocessing = 0;
		};
/* End PBXResourcesBuildPhase section */

/* Begin PBXShellScriptBuildPhase section */
		3F45D332CE9D86C7E9B7590E /* Check Pods Manifest.lock */ = {
			isa = PBXShellScriptBuildPhase;
			buildActionMask = 2147483647;
			files = (
			);
			inputPaths = (
			);
			name = "Check Pods Manifest.lock";
			outputPaths = (
			);
			runOnlyForDeploymentPostprocessing = 0;
			shellPath = /bin/sh;
			shellScript = "diff \"${PODS_ROOT}/../Podfile.lock\" \"${PODS_ROOT}/Manifest.lock\" > /dev/null\nif [[ $? != 0 ]] ; then\n    cat << EOM\nerror: The sandbox is not in sync with the Podfile.lock. Run 'pod install' or update your CocoaPods installation.\nEOM\n    exit 1\nfi\n";
			showEnvVarsInLog = 0;
		};
		8123837CF4CA689819BFC958 /* Copy Pods Resources */ = {
			isa = PBXShellScriptBuildPhase;
			buildActionMask = 2147483647;
			files = (
			);
			inputPaths = (
			);
			name = "Copy Pods Resources";
			outputPaths = (
			);
			runOnlyForDeploymentPostprocessing = 0;
			shellPath = /bin/sh;
			shellScript = "\"${SRCROOT}/Pods/Target Support Files/Pods-SRemaforyServer/Pods-SRemaforyServer-resources.sh\"\n";
			showEnvVarsInLog = 0;
		};
		B595B064B2A2E6E0912B16F4 /* Check Pods Manifest.lock */ = {
			isa = PBXShellScriptBuildPhase;
			buildActionMask = 2147483647;
			files = (
			);
			inputPaths = (
			);
			name = "Check Pods Manifest.lock";
			outputPaths = (
			);
			runOnlyForDeploymentPostprocessing = 0;
			shellPath = /bin/sh;
			shellScript = "diff \"${PODS_ROOT}/../Podfile.lock\" \"${PODS_ROOT}/Manifest.lock\" > /dev/null\nif [[ $? != 0 ]] ; then\n    cat << EOM\nerror: The sandbox is not in sync with the Podfile.lock. Run 'pod install' or update your CocoaPods installation.\nEOM\n    exit 1\nfi\n";
			showEnvVarsInLog = 0;
		};
		B65AB64222D63379D599CDE5 /* Copy Pods Resources */ = {
			isa = PBXShellScriptBuildPhase;
			buildActionMask = 2147483647;
			files = (
			);
			inputPaths = (
			);
			name = "Copy Pods Resources";
			outputPaths = (
			);
			runOnlyForDeploymentPostprocessing = 0;
			shellPath = /bin/sh;
			shellScript = "\"${SRCROOT}/Pods/Target Support Files/Pods-SRemaforyClient/Pods-SRemaforyClient-resources.sh\"\n";
			showEnvVarsInLog = 0;
		};
/* End PBXShellScriptBuildPhase section */

/* Begin PBXSourcesBuildPhase section */
		655CB36C1A81B03F00FFF253 /* Sources */ = {
			isa = PBXSourcesBuildPhase;
			buildActionMask = 2147483647;
			files = (
				655CB3941A81B0E300FFF253 /* Receiver.m in Sources */,
				655CB3911A81B0DE00FFF253 /* TaskMessage.m in Sources */,
				655CB39A1A81B0E900FFF253 /* ZMQSocket+Message.m in Sources */,
				655CB3931A81B0E300FFF253 /* Member.m in Sources */,
				655CB3991A81B0E900FFF253 /* MessageBuilder+Addition.m in Sources */,
				655CB3921A81B0DE00FFF253 /* TaskGetHB.m in Sources */,
				655CB3981A81B0E900FFF253 /* Message.pb.m in Sources */,
				655CB3971A81B0E300FFF253 /* TaskManager.m in Sources */,
				655CB3951A81B0E300FFF253 /* SR.m in Sources */,
				655CB3781A81B03F00FFF253 /* main.m in Sources */,
				655CB3761A81B03F00FFF253 /* AppDelegate.m in Sources */,
				655CB3961A81B0E300FFF253 /* Task.m in Sources */,
				655CB3901A81B0D800FFF253 /* TaskNewHB.m in Sources */,
			);
			runOnlyForDeploymentPostprocessing = 0;
		};
		D3B07E691A825E1D0050A49B /* Sources */ = {
			isa = PBXSourcesBuildPhase;
			buildActionMask = 2147483647;
			files = (
				D3B07E931A825EF30050A49B /* Task.m in Sources */,
				D3B07E781A825E1D0050A49B /* ViewController.m in Sources */,
				D3B07E751A825E1D0050A49B /* main.m in Sources */,
				D3B07E9A1A825EFA0050A49B /* ZMQSocket+Message.m in Sources */,
				D3B07E731A825E1D0050A49B /* AppDelegate.m in Sources */,
				D3B07E911A825EF30050A49B /* Receiver.m in Sources */,
				D3B07E951A825EF30050A49B /* TaskMessage.m in Sources */,
				D3B07E991A825EFA0050A49B /* MessageBuilder+Addition.m in Sources */,
				D3B07E921A825EF30050A49B /* SR.m in Sources */,
				D3B07E941A825EF30050A49B /* TaskManager.m in Sources */,
				D3B07E981A825EFA0050A49B /* Message.pb.m in Sources */,
				D3B07E971A825EF30050A49B /* TaskGetHB.m in Sources */,
				D3B07E901A825EF30050A49B /* Member.m in Sources */,
				D3B07E961A825EF30050A49B /* TaskNewHB.m in Sources */,
			);
			runOnlyForDeploymentPostprocessing = 0;
		};
/* End PBXSourcesBuildPhase section */

/* Begin PBXVariantGroup section */
		655CB37B1A81B03F00FFF253 /* MainMenu.xib */ = {
			isa = PBXVariantGroup;
			children = (
				655CB37C1A81B03F00FFF253 /* Base */,
			);
			name = MainMenu.xib;
			sourceTree = "<group>";
		};
		D3B07E7B1A825E1D0050A49B /* Main.storyboard */ = {
			isa = PBXVariantGroup;
			children = (
				D3B07E7C1A825E1D0050A49B /* Base */,
			);
			name = Main.storyboard;
			sourceTree = "<group>";
		};
/* End PBXVariantGroup section */

/* Begin XCBuildConfiguration section */
		655CB38B1A81B03F00FFF253 /* Debug */ = {
			isa = XCBuildConfiguration;
			baseConfigurationReference = 80D2791664FDCD614674B959 /* Pods-SRemaforyServer.debug.xcconfig */;
			buildSettings = {
				ASSETCATALOG_COMPILER_APPICON_NAME = AppIcon;
				CODE_SIGN_IDENTITY = "-";
				COMBINE_HIDPI_IMAGES = YES;
				GCC_PREPROCESSOR_DEFINITIONS = (
					"DEBUG=1",
					"$(inherited)",
				);
				INFOPLIST_FILE = SRemaforyServer/Info.plist;
				LD_RUNPATH_SEARCH_PATHS = "$(inherited) @executable_path/../Frameworks";
				PRODUCT_NAME = "$(TARGET_NAME)";
			};
			name = Debug;
		};
		655CB38C1A81B03F00FFF253 /* Release */ = {
			isa = XCBuildConfiguration;
			baseConfigurationReference = 82F6DF7A8F9E98D70A25CDB4 /* Pods-SRemaforyServer.release.xcconfig */;
			buildSettings = {
				ASSETCATALOG_COMPILER_APPICON_NAME = AppIcon;
				CODE_SIGN_IDENTITY = "-";
				COMBINE_HIDPI_IMAGES = YES;
				INFOPLIST_FILE = SRemaforyServer/Info.plist;
				LD_RUNPATH_SEARCH_PATHS = "$(inherited) @executable_path/../Frameworks";
				PRODUCT_NAME = "$(TARGET_NAME)";
			};
			name = Release;
		};
		D3B07E8B1A825E1D0050A49B /* Debug */ = {
			isa = XCBuildConfiguration;
			baseConfigurationReference = F0C8437DA38A56012BFF22E5 /* Pods-SRemaforyClient.debug.xcconfig */;
			buildSettings = {
				ASSETCATALOG_COMPILER_APPICON_NAME = AppIcon;
				CODE_SIGN_IDENTITY = "-";
				COMBINE_HIDPI_IMAGES = YES;
				GCC_PREPROCESSOR_DEFINITIONS = (
					"DEBUG=1",
					"$(inherited)",
				);
				INFOPLIST_FILE = SRemaforyClient/Info.plist;
				LD_RUNPATH_SEARCH_PATHS = "$(inherited) @executable_path/../Frameworks";
				PRODUCT_NAME = "$(TARGET_NAME)";
			};
			name = Debug;
		};
		D3B07E8C1A825E1D0050A49B /* Release */ = {
			isa = XCBuildConfiguration;
			baseConfigurationReference = 34ECB28D7636C7ADCF96BEAD /* Pods-SRemaforyClient.release.xcconfig */;
			buildSettings = {
				ASSETCATALOG_COMPILER_APPICON_NAME = AppIcon;
				CODE_SIGN_IDENTITY = "-";
				COMBINE_HIDPI_IMAGES = YES;
				INFOPLIST_FILE = SRemaforyClient/Info.plist;
				LD_RUNPATH_SEARCH_PATHS = "$(inherited) @executable_path/../Frameworks";
				PRODUCT_NAME = "$(TARGET_NAME)";
			};
			name = Release;
		};
		D3BFFE171A66A4D80031C45A /* Debug */ = {
			isa = XCBuildConfiguration;
			buildSettings = {
				ALWAYS_SEARCH_USER_PATHS = NO;
				CLANG_CXX_LANGUAGE_STANDARD = "gnu++0x";
				CLANG_CXX_LIBRARY = "libc++";
				CLANG_ENABLE_MODULES = YES;
				CLANG_ENABLE_OBJC_ARC = YES;
				CLANG_WARN_BOOL_CONVERSION = YES;
				CLANG_WARN_CONSTANT_CONVERSION = YES;
				CLANG_WARN_DIRECT_OBJC_ISA_USAGE = YES_ERROR;
				CLANG_WARN_EMPTY_BODY = YES;
				CLANG_WARN_ENUM_CONVERSION = YES;
				CLANG_WARN_INT_CONVERSION = YES;
				CLANG_WARN_OBJC_ROOT_CLASS = YES_ERROR;
				CLANG_WARN_UNREACHABLE_CODE = YES;
				CLANG_WARN__DUPLICATE_METHOD_MATCH = YES;
				COPY_PHASE_STRIP = NO;
				ENABLE_STRICT_OBJC_MSGSEND = YES;
				GCC_C_LANGUAGE_STANDARD = gnu99;
				GCC_DYNAMIC_NO_PIC = NO;
				GCC_OPTIMIZATION_LEVEL = 0;
				GCC_PREPROCESSOR_DEFINITIONS = (
					"DEBUG=1",
					"$(inherited)",
				);
				GCC_SYMBOLS_PRIVATE_EXTERN = NO;
				GCC_WARN_64_TO_32_BIT_CONVERSION = YES;
				GCC_WARN_ABOUT_RETURN_TYPE = YES_ERROR;
				GCC_WARN_UNDECLARED_SELECTOR = YES;
				GCC_WARN_UNINITIALIZED_AUTOS = YES_AGGRESSIVE;
				GCC_WARN_UNUSED_FUNCTION = YES;
				GCC_WARN_UNUSED_VARIABLE = YES;
				MACOSX_DEPLOYMENT_TARGET = 10.10;
				MTL_ENABLE_DEBUG_INFO = YES;
				ONLY_ACTIVE_ARCH = YES;
				SDKROOT = macosx;
			};
			name = Debug;
		};
		D3BFFE181A66A4D80031C45A /* Release */ = {
			isa = XCBuildConfiguration;
			buildSettings = {
				ALWAYS_SEARCH_USER_PATHS = NO;
				CLANG_CXX_LANGUAGE_STANDARD = "gnu++0x";
				CLANG_CXX_LIBRARY = "libc++";
				CLANG_ENABLE_MODULES = YES;
				CLANG_ENABLE_OBJC_ARC = YES;
				CLANG_WARN_BOOL_CONVERSION = YES;
				CLANG_WARN_CONSTANT_CONVERSION = YES;
				CLANG_WARN_DIRECT_OBJC_ISA_USAGE = YES_ERROR;
				CLANG_WARN_EMPTY_BODY = YES;
				CLANG_WARN_ENUM_CONVERSION = YES;
				CLANG_WARN_INT_CONVERSION = YES;
				CLANG_WARN_OBJC_ROOT_CLASS = YES_ERROR;
				CLANG_WARN_UNREACHABLE_CODE = YES;
				CLANG_WARN__DUPLICATE_METHOD_MATCH = YES;
				COPY_PHASE_STRIP = YES;
				DEBUG_INFORMATION_FORMAT = "dwarf-with-dsym";
				ENABLE_NS_ASSERTIONS = NO;
				ENABLE_STRICT_OBJC_MSGSEND = YES;
				GCC_C_LANGUAGE_STANDARD = gnu99;
				GCC_WARN_64_TO_32_BIT_CONVERSION = YES;
				GCC_WARN_ABOUT_RETURN_TYPE = YES_ERROR;
				GCC_WARN_UNDECLARED_SELECTOR = YES;
				GCC_WARN_UNINITIALIZED_AUTOS = YES_AGGRESSIVE;
				GCC_WARN_UNUSED_FUNCTION = YES;
				GCC_WARN_UNUSED_VARIABLE = YES;
				MACOSX_DEPLOYMENT_TARGET = 10.10;
				MTL_ENABLE_DEBUG_INFO = NO;
				SDKROOT = macosx;
			};
			name = Release;
		};
/* End XCBuildConfiguration section */

/* Begin XCConfigurationList section */
		655CB38A1A81B03F00FFF253 /* Build configuration list for PBXNativeTarget "SRemaforyServer" */ = {
			isa = XCConfigurationList;
			buildConfigurations = (
				655CB38B1A81B03F00FFF253 /* Debug */,
				655CB38C1A81B03F00FFF253 /* Release */,
			);
			defaultConfigurationIsVisible = 0;
			defaultConfigurationName = Release;
		};
		D3B07E8A1A825E1D0050A49B /* Build configuration list for PBXNativeTarget "SRemaforyClient" */ = {
			isa = XCConfigurationList;
			buildConfigurations = (
				D3B07E8B1A825E1D0050A49B /* Debug */,
				D3B07E8C1A825E1D0050A49B /* Release */,
			);
			defaultConfigurationIsVisible = 0;
			defaultConfigurationName = Release;
		};
		D3BFFE0D1A66A4D80031C45A /* Build configuration list for PBXProject "SRemafory" */ = {
			isa = XCConfigurationList;
			buildConfigurations = (
				D3BFFE171A66A4D80031C45A /* Debug */,
				D3BFFE181A66A4D80031C45A /* Release */,
			);
			defaultConfigurationIsVisible = 0;
			defaultConfigurationName = Release;
		};
/* End XCConfigurationList section */
	};
	rootObject = D3BFFE0A1A66A4D80031C45A /* Project object */;
}
